
Microsoft Visual Studio Solution File, Format Version 12.00
# Visual Studio Version 16
VisualStudioVersion = 16.0.29728.190
MinimumVisualStudioVersion = 10.0.40219.1
Project("{FAE04EC0-301F-11D3-BF4B-00C04F79EFBC}") = "FlowerApplication", "FlowerApplication\FlowerApplication.csproj", "{2ECF82D7-768D-4F63-910D-D4856CBFA40A}"
EndProject
Global
	GlobalSection(SolutionConfigurationPlatforms) = preSolution
		Debug|Any CPU = Debug|Any CPU
		Release|Any CPU = Release|Any CPU
	EndGlobalSection
	GlobalSection(ProjectConfigurationPlatforms) = postSolution
		{2ECF82D7-768D-4F63-910D-D4856CBFA40A}.Debug|Any CPU.ActiveCfg = Debug|Any CPU
		{2ECF82D7-768D-4F63-910D-D4856CBFA40A}.Debug|Any CPU.Build.0 = Debug|Any CPU
		{2ECF82D7-768D-4F63-910D-D4856CBFA40A}.Release|Any CPU.ActiveCfg = Release|Any CPU
		{2ECF82D7-768D-4F63-910D-D4856CBFA40A}.Release|Any CPU.Build.0 = Release|Any CPU
	EndGlobalSection
	GlobalSection(SolutionProperties) = preSolution
		HideSolutionNode = FALSE
	EndGlobalSection
	GlobalSection(ExtensibilityGlobals) = postSolution
		SolutionGuid = {0B9DA825-D48D-476B-8F42-BEE130DB81AB}
	EndGlobalSection
EndGlobal
